
Microsoft Visual Studio Solution File, Format Version 12.00
# Visual Studio Version 17
VisualStudioVersion = 17.3.32929.385
MinimumVisualStudioVersion = 10.0.40219.1
Project("{FAE04EC0-301F-11D3-BF4B-00C04F79EFBC}") = "NucSoftwareServiceAPINetFour", "NucSoftwareServiceAPINetFour\NucSoftwareServiceAPINetFour.csproj", "{1ACB66A7-2C74-4B06-99DB-0B45890BE2B2}"
EndProject
Project("{FAE04EC0-301F-11D3-BF4B-00C04F79EFBC}") = "SimpleRunnerApp", "SimpleRunnerApp\SimpleRunnerApp.csproj", "{DDCFB7C6-C10F-4D09-992C-886CF70D7FD6}"
EndProject
Global
	GlobalSection(SolutionConfigurationPlatforms) = preSolution
		Debug|Any CPU = Debug|Any CPU
		Release|Any CPU = Release|Any CPU
	EndGlobalSection
	GlobalSection(ProjectConfigurationPlatforms) = postSolution
		{1ACB66A7-2C74-4B06-99DB-0B45890BE2B2}.Debug|Any CPU.ActiveCfg = Debug|Any CPU
		{1ACB66A7-2C74-4B06-99DB-0B45890BE2B2}.Debug|Any CPU.Build.0 = Debug|Any CPU
		{1ACB66A7-2C74-4B06-99DB-0B45890BE2B2}.Release|Any CPU.ActiveCfg = Release|Any CPU
		{1ACB66A7-2C74-4B06-99DB-0B45890BE2B2}.Release|Any CPU.Build.0 = Release|Any CPU
		{DDCFB7C6-C10F-4D09-992C-886CF70D7FD6}.Debug|Any CPU.ActiveCfg = Debug|Any CPU
		{DDCFB7C6-C10F-4D09-992C-886CF70D7FD6}.Debug|Any CPU.Build.0 = Debug|Any CPU
		{DDCFB7C6-C10F-4D09-992C-886CF70D7FD6}.Release|Any CPU.ActiveCfg = Release|Any CPU
		{DDCFB7C6-C10F-4D09-992C-886CF70D7FD6}.Release|Any CPU.Build.0 = Release|Any CPU
	EndGlobalSection
	GlobalSection(SolutionProperties) = preSolution
		HideSolutionNode = FALSE
	EndGlobalSection
	GlobalSection(ExtensibilityGlobals) = postSolution
		SolutionGuid = {2F02E3A2-AAD7-4726-91E8-ECB9199A3976}
	EndGlobalSection
EndGlobal
